
Microsoft Visual Studio Solution File, Format Version 12.00
# Visual Studio 15
VisualStudioVersion = 15.0.28010.2036
MinimumVisualStudioVersion = 10.0.40219.1
Project("{FAE04EC0-301F-11D3-BF4B-00C04F79EFBC}") = "WyAdmin.Web", "WyAdmin.Web\WyAdmin.Web.csproj", "{92684C11-ED9A-45E4-8DE7-CD7AF10056C8}"
EndProject
Project("{FAE04EC0-301F-11D3-BF4B-00C04F79EFBC}") = "WyAdmin.Common", "WyAdmin.Common\WyAdmin.Common.csproj", "{A85FFAAD-FD69-4C8F-973E-AE2F9319C218}"
EndProject
Global
	GlobalSection(SolutionConfigurationPlatforms) = preSolution
		Debug|Any CPU = Debug|Any CPU
		Release|Any CPU = Release|Any CPU
	EndGlobalSection
	GlobalSection(ProjectConfigurationPlatforms) = postSolution
		{92684C11-ED9A-45E4-8DE7-CD7AF10056C8}.Debug|Any CPU.ActiveCfg = Debug|Any CPU
		{92684C11-ED9A-45E4-8DE7-CD7AF10056C8}.Debug|Any CPU.Build.0 = Debug|Any CPU
		{92684C11-ED9A-45E4-8DE7-CD7AF10056C8}.Release|Any CPU.ActiveCfg = Release|Any CPU
		{92684C11-ED9A-45E4-8DE7-CD7AF10056C8}.Release|Any CPU.Build.0 = Release|Any CPU
		{A85FFAAD-FD69-4C8F-973E-AE2F9319C218}.Debug|Any CPU.ActiveCfg = Debug|Any CPU
		{A85FFAAD-FD69-4C8F-973E-AE2F9319C218}.Debug|Any CPU.Build.0 = Debug|Any CPU
		{A85FFAAD-FD69-4C8F-973E-AE2F9319C218}.Release|Any CPU.ActiveCfg = Release|Any CPU
		{A85FFAAD-FD69-4C8F-973E-AE2F9319C218}.Release|Any CPU.Build.0 = Release|Any CPU
	EndGlobalSection
	GlobalSection(SolutionProperties) = preSolution
		HideSolutionNode = FALSE
	EndGlobalSection
	GlobalSection(ExtensibilityGlobals) = postSolution
		SolutionGuid = {2A9BA74F-BB5B-4F0F-92D3-BD9CAE5113FD}
	EndGlobalSection
EndGlobal
